// !$*UTF8*$!
{
	archiveVersion = 1;
	classes = {
	};
	objectVersion = 46;
	objects = {

/* Begin PBXBuildFile section */
		7129B7E1161E8B9900743A97 /* MainTVC.m in Sources */ = {isa = PBXBuildFile; fileRef = 7129B7E0161E8B9900743A97 /* MainTVC.m */; };
		7129B7F0161EA20700743A97 /* w.png in Resources */ = {isa = PBXBuildFile; fileRef = 7129B7EF161EA20700743A97 /* w.png */; };
		7129B7F2161EA20F00743A97 /* p.png in Resources */ = {isa = PBXBuildFile; fileRef = 7129B7F1161EA20F00743A97 /* p.png */; };
		712EA981161E56A500C047E3 /* UIKit.framework in Frameworks */ = {isa = PBXBuildFile; fileRef = 712EA980161E56A500C047E3 /* UIKit.framework */; };
		712EA983161E56A500C047E3 /* Foundation.framework in Frameworks */ = {isa = PBXBuildFile; fileRef = 712EA982161E56A500C047E3 /* Foundation.framework */; };
		712EA985161E56A500C047E3 /* CoreGraphics.framework in Frameworks */ = {isa = PBXBuildFile; fileRef = 712EA984161E56A500C047E3 /* CoreGraphics.framework */; };
		712EA98B161E56A500C047E3 /* InfoPlist.strings in Resources */ = {isa = PBXBuildFile; fileRef = 712EA989161E56A500C047E3 /* InfoPlist.strings */; };
		712EA98D161E56A500C047E3 /* main.m in Sources */ = {isa = PBXBuildFile; fileRef = 712EA98C161E56A500C047E3 /* main.m */; };
		712EA991161E56A500C047E3 /* AppDelegate.m in Sources */ = {isa = PBXBuildFile; fileRef = 712EA990161E56A500C047E3 /* AppDelegate.m */; };
		712EA993161E56A500C047E3 /* Default.png in Resources */ = {isa = PBXBuildFile; fileRef = 712EA992161E56A500C047E3 /* Default.png */; };
		712EA995161E56A500C047E3 /* Default@2x.png in Resources */ = {isa = PBXBuildFile; fileRef = 712EA994161E56A500C047E3 /* Default@2x.png */; };
		712EA997161E56A500C047E3 /* Default-568h@2x.png in Resources */ = {isa = PBXBuildFile; fileRef = 712EA996161E56A500C047E3 /* Default-568h@2x.png */; };
		712EA99A161E56A500C047E3 /* MainStoryboard.storyboard in Resources */ = {isa = PBXBuildFile; fileRef = 712EA998161E56A500C047E3 /* MainStoryboard.storyboard */; };
		712EA9B5161E641700C047E3 /* CoreData.framework in Frameworks */ = {isa = PBXBuildFile; fileRef = 712EA9B4161E641700C047E3 /* CoreData.framework */; };
		712EA9B8161E644500C047E3 /* SettingTVC.m in Sources */ = {isa = PBXBuildFile; fileRef = 712EA9B7161E644500C047E3 /* SettingTVC.m */; };
		712EA9BD161E666200C047E3 /* CoreDataTableViewCell.m in Sources */ = {isa = PBXBuildFile; fileRef = 712EA9BA161E666200C047E3 /* CoreDataTableViewCell.m */; };
		712EA9BE161E666200C047E3 /* CoreDataTableViewController.m in Sources */ = {isa = PBXBuildFile; fileRef = 712EA9BC161E666200C047E3 /* CoreDataTableViewController.m */; };
		712EA9C1161E66BA00C047E3 /* Model.xcdatamodeld in Sources */ = {isa = PBXBuildFile; fileRef = 712EA9BF161E66BA00C047E3 /* Model.xcdatamodeld */; };
		716F5C48162F5F3300E29525 /* cs-logo-57x57.png in Resources */ = {isa = PBXBuildFile; fileRef = 716F5C46162F5F3300E29525 /* cs-logo-57x57.png */; };
		716F5C49162F5F3300E29525 /* cs-logo-114x114.png in Resources */ = {isa = PBXBuildFile; fileRef = 716F5C47162F5F3300E29525 /* cs-logo-114x114.png */; };
		71D00217162F78BD00FEB70D /* HistoryTVC.m in Sources */ = {isa = PBXBuildFile; fileRef = 71D00216162F78BD00FEB70D /* HistoryTVC.m */; };
		71D0022F162F917600FEB70D /* CoreMotion.framework in Frameworks */ = {isa = PBXBuildFile; fileRef = 71D0022E162F917600FEB70D /* CoreMotion.framework */; };
		71D00231162F919500FEB70D /* Accelerate.framework in Frameworks */ = {isa = PBXBuildFile; fileRef = 71D00230162F919500FEB70D /* Accelerate.framework */; };
		71E3091D163068320099B29F /* Measurement.m in Sources */ = {isa = PBXBuildFile; fileRef = 71E3091C163068320099B29F /* Measurement.m */; };
		71E3092016309E080099B29F /* CoreLocation.framework in Frameworks */ = {isa = PBXBuildFile; fileRef = 71E3091F16309E080099B29F /* CoreLocation.framework */; };
		71E3093A1630A4F80099B29F /* History.m in Sources */ = {isa = PBXBuildFile; fileRef = 71E309391630A4F70099B29F /* History.m */; };
		71E3093D1630A4F90099B29F /* SensorData.m in Sources */ = {isa = PBXBuildFile; fileRef = 71E3093C1630A4F90099B29F /* SensorData.m */; };
		71E309401630A4FA0099B29F /* BuildingInfo.m in Sources */ = {isa = PBXBuildFile; fileRef = 71E3093F1630A4FA0099B29F /* BuildingInfo.m */; };
		71F77D72162DFEFB0064C1B7 /* FileHandler.m in Sources */ = {isa = PBXBuildFile; fileRef = 71F77D71162DFEFB0064C1B7 /* FileHandler.m */; };
		71F77D7D162E0C0F0064C1B7 /* CHCSVParser.m in Sources */ = {isa = PBXBuildFile; fileRef = 71F77D7C162E0C0F0064C1B7 /* CHCSVParser.m */; };
		71F77D82162E0CEA0064C1B7 /* NSArray+CHCSVAdditions.m in Sources */ = {isa = PBXBuildFile; fileRef = 71F77D7F162E0CEA0064C1B7 /* NSArray+CHCSVAdditions.m */; };
		71F77D83162E0CEA0064C1B7 /* NSString+CHCSVAdditions.m in Sources */ = {isa = PBXBuildFile; fileRef = 71F77D81162E0CEA0064C1B7 /* NSString+CHCSVAdditions.m */; };
		71F77D86162E0D030064C1B7 /* CHCSVWriter.m in Sources */ = {isa = PBXBuildFile; fileRef = 71F77D85162E0D030064C1B7 /* CHCSVWriter.m */; };
		71F77D95162E2FD80064C1B7 /* AnalysisModule.m in Sources */ = {isa = PBXBuildFile; fileRef = 71F77D94162E2FD80064C1B7 /* AnalysisModule.m */; };
		71F77D9A162E33860064C1B7 /* ElevatorModule.m in Sources */ = {isa = PBXBuildFile; fileRef = 71F77D99162E33850064C1B7 /* ElevatorModule.m */; };
/* End PBXBuildFile section */

/* Begin PBXFileReference section */
		711EE469162DFDEC001DDBC6 /* Model 2.xcdatamodel */ = {isa = PBXFileReference; lastKnownFileType = wrapper.xcdatamodel; path = "Model 2.xcdatamodel"; sourceTree = "<group>"; };
		7129B7DF161E8B9900743A97 /* MainTVC.h */ = {isa = PBXFileReference; fileEncoding = 4; lastKnownFileType = sourcecode.c.h; path = MainTVC.h; sourceTree = "<group>"; };
		7129B7E0161E8B9900743A97 /* MainTVC.m */ = {isa = PBXFileReference; fileEncoding = 4; lastKnownFileType = sourcecode.c.objc; path = MainTVC.m; sourceTree = "<group>"; };
		7129B7EF161EA20700743A97 /* w.png */ = {isa = PBXFileReference; lastKnownFileType = image.png; path = w.png; sourceTree = "<group>"; };
		7129B7F1161EA20F00743A97 /* p.png */ = {isa = PBXFileReference; lastKnownFileType = image.png; path = p.png; sourceTree = "<group>"; };
		712EA97C161E56A500C047E3 /* Indopos.ios.app */ = {isa = PBXFileReference; explicitFileType = wrapper.application; includeInIndex = 0; path = Indopos.ios.app; sourceTree = BUILT_PRODUCTS_DIR; };
		712EA980161E56A500C047E3 /* UIKit.framework */ = {isa = PBXFileReference; lastKnownFileType = wrapper.framework; name = UIKit.framework; path = System/Library/Frameworks/UIKit.framework; sourceTree = SDKROOT; };
		712EA982161E56A500C047E3 /* Foundation.framework */ = {isa = PBXFileReference; lastKnownFileType = wrapper.framework; name = Foundation.framework; path = System/Library/Frameworks/Foundation.framework; sourceTree = SDKROOT; };
		712EA984161E56A500C047E3 /* CoreGraphics.framework */ = {isa = PBXFileReference; lastKnownFileType = wrapper.framework; name = CoreGraphics.framework; path = System/Library/Frameworks/CoreGraphics.framework; sourceTree = SDKROOT; };
		712EA988161E56A500C047E3 /* Indopos.ios.ios-Info.plist */ = {isa = PBXFileReference; lastKnownFileType = text.plist.xml; path = "Indopos.ios.ios-Info.plist"; sourceTree = "<group>"; };
		712EA98A161E56A500C047E3 /* en */ = {isa = PBXFileReference; lastKnownFileType = text.plist.strings; name = en; path = en.lproj/InfoPlist.strings; sourceTree = "<group>"; };
		712EA98C161E56A500C047E3 /* main.m */ = {isa = PBXFileReference; lastKnownFileType = sourcecode.c.objc; path = main.m; sourceTree = "<group>"; };
		712EA98E161E56A500C047E3 /* Indopos.ios.ios-Prefix.pch */ = {isa = PBXFileReference; lastKnownFileType = sourcecode.c.h; path = "Indopos.ios.ios-Prefix.pch"; sourceTree = "<group>"; };
		712EA98F161E56A500C047E3 /* AppDelegate.h */ = {isa = PBXFileReference; lastKnownFileType = sourcecode.c.h; path = AppDelegate.h; sourceTree = "<group>"; };
		712EA990161E56A500C047E3 /* AppDelegate.m */ = {isa = PBXFileReference; lastKnownFileType = sourcecode.c.objc; path = AppDelegate.m; sourceTree = "<group>"; };
		712EA992161E56A500C047E3 /* Default.png */ = {isa = PBXFileReference; lastKnownFileType = image.png; path = Default.png; sourceTree = "<group>"; };
		712EA994161E56A500C047E3 /* Default@2x.png */ = {isa = PBXFileReference; lastKnownFileType = image.png; path = "Default@2x.png"; sourceTree = "<group>"; };
		712EA996161E56A500C047E3 /* Default-568h@2x.png */ = {isa = PBXFileReference; lastKnownFileType = image.png; path = "Default-568h@2x.png"; sourceTree = "<group>"; };
		712EA999161E56A500C047E3 /* en */ = {isa = PBXFileReference; lastKnownFileType = file.storyboard; name = en; path = en.lproj/MainStoryboard.storyboard; sourceTree = "<group>"; };
		712EA9B4161E641700C047E3 /* CoreData.framework */ = {isa = PBXFileReference; lastKnownFileType = wrapper.framework; name = CoreData.framework; path = System/Library/Frameworks/CoreData.framework; sourceTree = SDKROOT; };
		712EA9B6161E644500C047E3 /* SettingTVC.h */ = {isa = PBXFileReference; fileEncoding = 4; lastKnownFileType = sourcecode.c.h; path = SettingTVC.h; sourceTree = "<group>"; };
		712EA9B7161E644500C047E3 /* SettingTVC.m */ = {isa = PBXFileReference; fileEncoding = 4; lastKnownFileType = sourcecode.c.objc; path = SettingTVC.m; sourceTree = "<group>"; };
		712EA9B9161E666200C047E3 /* CoreDataTableViewCell.h */ = {isa = PBXFileReference; fileEncoding = 4; lastKnownFileType = sourcecode.c.h; path = CoreDataTableViewCell.h; sourceTree = "<group>"; };
		712EA9BA161E666200C047E3 /* CoreDataTableViewCell.m */ = {isa = PBXFileReference; fileEncoding = 4; lastKnownFileType = sourcecode.c.objc; path = CoreDataTableViewCell.m; sourceTree = "<group>"; };
		712EA9BB161E666200C047E3 /* CoreDataTableViewController.h */ = {isa = PBXFileReference; fileEncoding = 4; lastKnownFileType = sourcecode.c.h; path = CoreDataTableViewController.h; sourceTree = "<group>"; };
		712EA9BC161E666200C047E3 /* CoreDataTableViewController.m */ = {isa = PBXFileReference; fileEncoding = 4; lastKnownFileType = sourcecode.c.objc; path = CoreDataTableViewController.m; sourceTree = "<group>"; };
		712EA9C0161E66BA00C047E3 /* Model.xcdatamodel */ = {isa = PBXFileReference; lastKnownFileType = wrapper.xcdatamodel; path = Model.xcdatamodel; sourceTree = "<group>"; };
		712EA9C5161E682500C047E3 /* Logger.h */ = {isa = PBXFileReference; fileEncoding = 4; lastKnownFileType = sourcecode.c.h; path = Logger.h; sourceTree = "<group>"; };
		716F5C46162F5F3300E29525 /* cs-logo-57x57.png */ = {isa = PBXFileReference; lastKnownFileType = image.png; path = "cs-logo-57x57.png"; sourceTree = "<group>"; };
		716F5C47162F5F3300E29525 /* cs-logo-114x114.png */ = {isa = PBXFileReference; lastKnownFileType = image.png; path = "cs-logo-114x114.png"; sourceTree = "<group>"; };
		71D00215162F78BD00FEB70D /* HistoryTVC.h */ = {isa = PBXFileReference; fileEncoding = 4; lastKnownFileType = sourcecode.c.h; path = HistoryTVC.h; sourceTree = "<group>"; };
		71D00216162F78BD00FEB70D /* HistoryTVC.m */ = {isa = PBXFileReference; fileEncoding = 4; lastKnownFileType = sourcecode.c.objc; path = HistoryTVC.m; sourceTree = "<group>"; };
		71D00219162F7A9300FEB70D /* Model 3.xcdatamodel */ = {isa = PBXFileReference; lastKnownFileType = wrapper.xcdatamodel; path = "Model 3.xcdatamodel"; sourceTree = "<group>"; };
		71D0022E162F917600FEB70D /* CoreMotion.framework */ = {isa = PBXFileReference; lastKnownFileType = wrapper.framework; name = CoreMotion.framework; path = System/Library/Frameworks/CoreMotion.framework; sourceTree = SDKROOT; };
		71D00230162F919500FEB70D /* Accelerate.framework */ = {isa = PBXFileReference; lastKnownFileType = wrapper.framework; name = Accelerate.framework; path = System/Library/Frameworks/Accelerate.framework; sourceTree = SDKROOT; };
		71E3091B163068320099B29F /* Measurement.h */ = {isa = PBXFileReference; fileEncoding = 4; lastKnownFileType = sourcecode.c.h; path = Measurement.h; sourceTree = "<group>"; };
		71E3091C163068320099B29F /* Measurement.m */ = {isa = PBXFileReference; fileEncoding = 4; lastKnownFileType = sourcecode.c.objc; path = Measurement.m; sourceTree = "<group>"; };
		71E3091F16309E080099B29F /* CoreLocation.framework */ = {isa = PBXFileReference; lastKnownFileType = wrapper.framework; name = CoreLocation.framework; path = System/Library/Frameworks/CoreLocation.framework; sourceTree = SDKROOT; };
		71E309371630A4C50099B29F /* Model 4.xcdatamodel */ = {isa = PBXFileReference; lastKnownFileType = file; path = "Model 4.xcdatamodel"; sourceTree = "<group>"; };
		71E309381630A4F70099B29F /* History.h */ = {isa = PBXFileReference; fileEncoding = 4; lastKnownFileType = sourcecode.c.h; path = History.h; sourceTree = "<group>"; };
		71E309391630A4F70099B29F /* History.m */ = {isa = PBXFileReference; fileEncoding = 4; lastKnownFileType = sourcecode.c.objc; path = History.m; sourceTree = "<group>"; };
		71E3093B1630A4F90099B29F /* SensorData.h */ = {isa = PBXFileReference; fileEncoding = 4; lastKnownFileType = sourcecode.c.h; path = SensorData.h; sourceTree = "<group>"; };
		71E3093C1630A4F90099B29F /* SensorData.m */ = {isa = PBXFileReference; fileEncoding = 4; lastKnownFileType = sourcecode.c.objc; path = SensorData.m; sourceTree = "<group>"; };
		71E3093E1630A4F90099B29F /* BuildingInfo.h */ = {isa = PBXFileReference; fileEncoding = 4; lastKnownFileType = sourcecode.c.h; path = BuildingInfo.h; sourceTree = "<group>"; };
		71E3093F1630A4FA0099B29F /* BuildingInfo.m */ = {isa = PBXFileReference; fileEncoding = 4; lastKnownFileType = sourcecode.c.objc; path = BuildingInfo.m; sourceTree = "<group>"; };
		71F77D70162DFEFB0064C1B7 /* FileHandler.h */ = {isa = PBXFileReference; fileEncoding = 4; lastKnownFileType = sourcecode.c.h; path = FileHandler.h; sourceTree = "<group>"; };
		71F77D71162DFEFB0064C1B7 /* FileHandler.m */ = {isa = PBXFileReference; fileEncoding = 4; lastKnownFileType = sourcecode.c.objc; path = FileHandler.m; sourceTree = "<group>"; };
		71F77D7A162E0BED0064C1B7 /* CHCSV.h */ = {isa = PBXFileReference; fileEncoding = 4; lastKnownFileType = sourcecode.c.h; path = CHCSV.h; sourceTree = "<group>"; };
		71F77D7B162E0C0F0064C1B7 /* CHCSVParser.h */ = {isa = PBXFileReference; fileEncoding = 4; lastKnownFileType = sourcecode.c.h; path = CHCSVParser.h; sourceTree = "<group>"; };
		71F77D7C162E0C0F0064C1B7 /* CHCSVParser.m */ = {isa = PBXFileReference; fileEncoding = 4; lastKnownFileType = sourcecode.c.objc; path = CHCSVParser.m; sourceTree = "<group>"; };
		71F77D7E162E0CEA0064C1B7 /* NSArray+CHCSVAdditions.h */ = {isa = PBXFileReference; fileEncoding = 4; lastKnownFileType = sourcecode.c.h; path = "NSArray+CHCSVAdditions.h"; sourceTree = "<group>"; };
		71F77D7F162E0CEA0064C1B7 /* NSArray+CHCSVAdditions.m */ = {isa = PBXFileReference; fileEncoding = 4; lastKnownFileType = sourcecode.c.objc; path = "NSArray+CHCSVAdditions.m"; sourceTree = "<group>"; };
		71F77D80162E0CEA0064C1B7 /* NSString+CHCSVAdditions.h */ = {isa = PBXFileReference; fileEncoding = 4; lastKnownFileType = sourcecode.c.h; path = "NSString+CHCSVAdditions.h"; sourceTree = "<group>"; };
		71F77D81162E0CEA0064C1B7 /* NSString+CHCSVAdditions.m */ = {isa = PBXFileReference; fileEncoding = 4; lastKnownFileType = sourcecode.c.objc; path = "NSString+CHCSVAdditions.m"; sourceTree = "<group>"; };
		71F77D84162E0D030064C1B7 /* CHCSVWriter.h */ = {isa = PBXFileReference; fileEncoding = 4; lastKnownFileType = sourcecode.c.h; path = CHCSVWriter.h; sourceTree = "<group>"; };
		71F77D85162E0D030064C1B7 /* CHCSVWriter.m */ = {isa = PBXFileReference; fileEncoding = 4; lastKnownFileType = sourcecode.c.objc; path = CHCSVWriter.m; sourceTree = "<group>"; };
		71F77D93162E2FD80064C1B7 /* AnalysisModule.h */ = {isa = PBXFileReference; fileEncoding = 4; lastKnownFileType = sourcecode.c.h; path = AnalysisModule.h; sourceTree = "<group>"; };
		71F77D94162E2FD80064C1B7 /* AnalysisModule.m */ = {isa = PBXFileReference; fileEncoding = 4; lastKnownFileType = sourcecode.c.objc; path = AnalysisModule.m; sourceTree = "<group>"; };
		71F77D98162E33850064C1B7 /* ElevatorModule.h */ = {isa = PBXFileReference; fileEncoding = 4; lastKnownFileType = sourcecode.c.h; path = ElevatorModule.h; sourceTree = "<group>"; };
		71F77D99162E33850064C1B7 /* ElevatorModule.m */ = {isa = PBXFileReference; fileEncoding = 4; lastKnownFileType = sourcecode.c.objc; path = ElevatorModule.m; sourceTree = "<group>"; };
/* End PBXFileReference section */

/* Begin PBXFrameworksBuildPhase section */
		712EA979161E56A500C047E3 /* Frameworks */ = {
			isa = PBXFrameworksBuildPhase;
			buildActionMask = 2147483647;
			files = (
				71E3092016309E080099B29F /* CoreLocation.framework in Frameworks */,
				71D00231162F919500FEB70D /* Accelerate.framework in Frameworks */,
				71D0022F162F917600FEB70D /* CoreMotion.framework in Frameworks */,
				712EA9B5161E641700C047E3 /* CoreData.framework in Frameworks */,
				712EA981161E56A500C047E3 /* UIKit.framework in Frameworks */,
				712EA983161E56A500C047E3 /* Foundation.framework in Frameworks */,
				712EA985161E56A500C047E3 /* CoreGraphics.framework in Frameworks */,
			);
			runOnlyForDeploymentPostprocessing = 0;
		};
/* End PBXFrameworksBuildPhase section */

/* Begin PBXGroup section */
		712EA971161E56A500C047E3 = {
			isa = PBXGroup;
			children = (
				7129B7EF161EA20700743A97 /* w.png */,
				7129B7F1161EA20F00743A97 /* p.png */,
				716F5C46162F5F3300E29525 /* cs-logo-57x57.png */,
				716F5C47162F5F3300E29525 /* cs-logo-114x114.png */,
				712EA986161E56A500C047E3 /* Indopos.ios */,
				712EA97F161E56A500C047E3 /* Frameworks */,
				712EA97D161E56A500C047E3 /* Products */,
			);
			sourceTree = "<group>";
		};
		712EA97D161E56A500C047E3 /* Products */ = {
			isa = PBXGroup;
			children = (
				712EA97C161E56A500C047E3 /* Indopos.ios.app */,
			);
			name = Products;
			sourceTree = "<group>";
		};
		712EA97F161E56A500C047E3 /* Frameworks */ = {
			isa = PBXGroup;
			children = (
				71E3091F16309E080099B29F /* CoreLocation.framework */,
				71D00230162F919500FEB70D /* Accelerate.framework */,
				71D0022E162F917600FEB70D /* CoreMotion.framework */,
				712EA9B4161E641700C047E3 /* CoreData.framework */,
				712EA980161E56A500C047E3 /* UIKit.framework */,
				712EA982161E56A500C047E3 /* Foundation.framework */,
				712EA984161E56A500C047E3 /* CoreGraphics.framework */,
			);
			name = Frameworks;
			sourceTree = "<group>";
		};
		712EA986161E56A500C047E3 /* Indopos.ios */ = {
			isa = PBXGroup;
			children = (
				71E309411630A65F0099B29F /* CoreDataTVC */,
				71F77D97162E2FE90064C1B7 /* CHCSVParser */,
				712EA9C5161E682500C047E3 /* Logger.h */,
				712EA998161E56A500C047E3 /* MainStoryboard.storyboard */,
				712EA9BF161E66BA00C047E3 /* Model.xcdatamodeld */,
				71E3093E1630A4F90099B29F /* BuildingInfo.h */,
				71E3093F1630A4FA0099B29F /* BuildingInfo.m */,
				71E3093B1630A4F90099B29F /* SensorData.h */,
				71E3093C1630A4F90099B29F /* SensorData.m */,
				71E309381630A4F70099B29F /* History.h */,
				71E309391630A4F70099B29F /* History.m */,
				71E3091B163068320099B29F /* Measurement.h */,
				71E3091C163068320099B29F /* Measurement.m */,
				712EA98F161E56A500C047E3 /* AppDelegate.h */,
				712EA990161E56A500C047E3 /* AppDelegate.m */,
				7129B7DF161E8B9900743A97 /* MainTVC.h */,
				7129B7E0161E8B9900743A97 /* MainTVC.m */,
				71D00215162F78BD00FEB70D /* HistoryTVC.h */,
				71D00216162F78BD00FEB70D /* HistoryTVC.m */,
				712EA9B6161E644500C047E3 /* SettingTVC.h */,
				712EA9B7161E644500C047E3 /* SettingTVC.m */,
				71F77D70162DFEFB0064C1B7 /* FileHandler.h */,
				71F77D71162DFEFB0064C1B7 /* FileHandler.m */,
				712EA987161E56A500C047E3 /* Supporting Files */,
				71F77D93162E2FD80064C1B7 /* AnalysisModule.h */,
				71F77D94162E2FD80064C1B7 /* AnalysisModule.m */,
				71F77D98162E33850064C1B7 /* ElevatorModule.h */,
				71F77D99162E33850064C1B7 /* ElevatorModule.m */,
			);
			path = Indopos.ios;
			sourceTree = "<group>";
		};
		712EA987161E56A500C047E3 /* Supporting Files */ = {
			isa = PBXGroup;
			children = (
				712EA988161E56A500C047E3 /* Indopos.ios.ios-Info.plist */,
				712EA989161E56A500C047E3 /* InfoPlist.strings */,
				712EA98C161E56A500C047E3 /* main.m */,
				712EA98E161E56A500C047E3 /* Indopos.ios.ios-Prefix.pch */,
				712EA992161E56A500C047E3 /* Default.png */,
				712EA994161E56A500C047E3 /* Default@2x.png */,
				712EA996161E56A500C047E3 /* Default-568h@2x.png */,
			);
			name = "Supporting Files";
			sourceTree = "<group>";
		};
		71E309411630A65F0099B29F /* CoreDataTVC */ = {
			isa = PBXGroup;
			children = (
				712EA9B9161E666200C047E3 /* CoreDataTableViewCell.h */,
				712EA9BA161E666200C047E3 /* CoreDataTableViewCell.m */,
				712EA9BB161E666200C047E3 /* CoreDataTableViewController.h */,
				712EA9BC161E666200C047E3 /* CoreDataTableViewController.m */,
			);
			name = CoreDataTVC;
			sourceTree = "<group>";
		};
		71F77D97162E2FE90064C1B7 /* CHCSVParser */ = {
			isa = PBXGroup;
			children = (
				71F77D7A162E0BED0064C1B7 /* CHCSV.h */,
				71F77D7B162E0C0F0064C1B7 /* CHCSVParser.h */,
				71F77D7C162E0C0F0064C1B7 /* CHCSVParser.m */,
				71F77D84162E0D030064C1B7 /* CHCSVWriter.h */,
				71F77D85162E0D030064C1B7 /* CHCSVWriter.m */,
				71F77D7E162E0CEA0064C1B7 /* NSArray+CHCSVAdditions.h */,
				71F77D7F162E0CEA0064C1B7 /* NSArray+CHCSVAdditions.m */,
				71F77D80162E0CEA0064C1B7 /* NSString+CHCSVAdditions.h */,
				71F77D81162E0CEA0064C1B7 /* NSString+CHCSVAdditions.m */,
			);
			name = CHCSVParser;
			sourceTree = "<group>";
		};
/* End PBXGroup section */

/* Begin PBXNativeTarget section */
		712EA97B161E56A500C047E3 /* Indopos.ios */ = {
			isa = PBXNativeTarget;
			buildConfigurationList = 712EA9A0161E56A500C047E3 /* Build configuration list for PBXNativeTarget "Indopos.ios" */;
			buildPhases = (
				712EA978161E56A500C047E3 /* Sources */,
				712EA979161E56A500C047E3 /* Frameworks */,
				712EA97A161E56A500C047E3 /* Resources */,
			);
			buildRules = (
			);
			dependencies = (
			);
			name = Indopos.ios;
			productName = Indopos.ios;
			productReference = 712EA97C161E56A500C047E3 /* Indopos.ios.app */;
			productType = "com.apple.product-type.application";
		};
/* End PBXNativeTarget section */

/* Begin PBXProject section */
		712EA973161E56A500C047E3 /* Project object */ = {
			isa = PBXProject;
			attributes = {
				LastUpgradeCheck = 0450;
				ORGANIZATIONNAME = "Wonsang Song";
			};
			buildConfigurationList = 712EA976161E56A500C047E3 /* Build configuration list for PBXProject "Indopos.ios" */;
			compatibilityVersion = "Xcode 3.2";
			developmentRegion = English;
			hasScannedForEncodings = 0;
			knownRegions = (
				en,
			);
			mainGroup = 712EA971161E56A500C047E3;
			productRefGroup = 712EA97D161E56A500C047E3 /* Products */;
			projectDirPath = "";
			projectRoot = "";
			targets = (
				712EA97B161E56A500C047E3 /* Indopos.ios */,
			);
		};
/* End PBXProject section */

/* Begin PBXResourcesBuildPhase section */
		712EA97A161E56A500C047E3 /* Resources */ = {
			isa = PBXResourcesBuildPhase;
			buildActionMask = 2147483647;
			files = (
				712EA98B161E56A500C047E3 /* InfoPlist.strings in Resources */,
				712EA993161E56A500C047E3 /* Default.png in Resources */,
				712EA995161E56A500C047E3 /* Default@2x.png in Resources */,
				712EA997161E56A500C047E3 /* Default-568h@2x.png in Resources */,
				712EA99A161E56A500C047E3 /* MainStoryboard.storyboard in Resources */,
				7129B7F0161EA20700743A97 /* w.png in Resources */,
				7129B7F2161EA20F00743A97 /* p.png in Resources */,
				716F5C48162F5F3300E29525 /* cs-logo-57x57.png in Resources */,
				716F5C49162F5F3300E29525 /* cs-logo-114x114.png in Resources */,
			);
			runOnlyForDeploymentPostprocessing = 0;
		};
/* End PBXResourcesBuildPhase section */

/* Begin PBXSourcesBuildPhase section */
		712EA978161E56A500C047E3 /* Sources */ = {
			isa = PBXSourcesBuildPhase;
			buildActionMask = 2147483647;
			files = (
				712EA98D161E56A500C047E3 /* main.m in Sources */,
				712EA991161E56A500C047E3 /* AppDelegate.m in Sources */,
				712EA9B8161E644500C047E3 /* SettingTVC.m in Sources */,
				712EA9BD161E666200C047E3 /* CoreDataTableViewCell.m in Sources */,
				712EA9BE161E666200C047E3 /* CoreDataTableViewController.m in Sources */,
				712EA9C1161E66BA00C047E3 /* Model.xcdatamodeld in Sources */,
				7129B7E1161E8B9900743A97 /* MainTVC.m in Sources */,
				71F77D72162DFEFB0064C1B7 /* FileHandler.m in Sources */,
				71F77D7D162E0C0F0064C1B7 /* CHCSVParser.m in Sources */,
				71F77D82162E0CEA0064C1B7 /* NSArray+CHCSVAdditions.m in Sources */,
				71F77D83162E0CEA0064C1B7 /* NSString+CHCSVAdditions.m in Sources */,
				71F77D86162E0D030064C1B7 /* CHCSVWriter.m in Sources */,
				71F77D95162E2FD80064C1B7 /* AnalysisModule.m in Sources */,
				71F77D9A162E33860064C1B7 /* ElevatorModule.m in Sources */,
				71D00217162F78BD00FEB70D /* HistoryTVC.m in Sources */,
				71E3091D163068320099B29F /* Measurement.m in Sources */,
				71E3093A1630A4F80099B29F /* History.m in Sources */,
				71E3093D1630A4F90099B29F /* SensorData.m in Sources */,
				71E309401630A4FA0099B29F /* BuildingInfo.m in Sources */,
			);
			runOnlyForDeploymentPostprocessing = 0;
		};
/* End PBXSourcesBuildPhase section */

/* Begin PBXVariantGroup section */
		712EA989161E56A500C047E3 /* InfoPlist.strings */ = {
			isa = PBXVariantGroup;
			children = (
				712EA98A161E56A500C047E3 /* en */,
			);
			name = InfoPlist.strings;
			sourceTree = "<group>";
		};
		712EA998161E56A500C047E3 /* MainStoryboard.storyboard */ = {
			isa = PBXVariantGroup;
			children = (
				712EA999161E56A500C047E3 /* en */,
			);
			name = MainStoryboard.storyboard;
			sourceTree = "<group>";
		};
/* End PBXVariantGroup section */

/* Begin XCBuildConfiguration section */
		712EA99E161E56A500C047E3 /* Debug */ = {
			isa = XCBuildConfiguration;
			buildSettings = {
				ALWAYS_SEARCH_USER_PATHS = NO;
				CLANG_CXX_LANGUAGE_STANDARD = "gnu++0x";
				CLANG_CXX_LIBRARY = "libc++";
				CLANG_ENABLE_OBJC_ARC = YES;
				CLANG_WARN_EMPTY_BODY = YES;
				CLANG_WARN__DUPLICATE_METHOD_MATCH = YES;
				"CODE_SIGN_IDENTITY[sdk=iphoneos*]" = "iPhone Developer";
				COPY_PHASE_STRIP = NO;
				GCC_C_LANGUAGE_STANDARD = gnu99;
				GCC_DYNAMIC_NO_PIC = NO;
				GCC_OPTIMIZATION_LEVEL = 0;
				GCC_PREPROCESSOR_DEFINITIONS = (
					"DEBUG=1",
					"$(inherited)",
				);
				GCC_SYMBOLS_PRIVATE_EXTERN = NO;
				GCC_WARN_ABOUT_RETURN_TYPE = YES;
				GCC_WARN_UNINITIALIZED_AUTOS = YES;
				GCC_WARN_UNUSED_VARIABLE = YES;
				IPHONEOS_DEPLOYMENT_TARGET = 6.0;
				ONLY_ACTIVE_ARCH = YES;
				PRODUCT_NAME = Indopos;
				SDKROOT = iphoneos;
			};
			name = Debug;
		};
		712EA99F161E56A500C047E3 /* Release */ = {
			isa = XCBuildConfiguration;
			buildSettings = {
				ALWAYS_SEARCH_USER_PATHS = NO;
				CLANG_CXX_LANGUAGE_STANDARD = "gnu++0x";
				CLANG_CXX_LIBRARY = "libc++";
				CLANG_ENABLE_OBJC_ARC = YES;
				CLANG_WARN_EMPTY_BODY = YES;
				CLANG_WARN__DUPLICATE_METHOD_MATCH = YES;
				"CODE_SIGN_IDENTITY[sdk=iphoneos*]" = "iPhone Developer";
				COPY_PHASE_STRIP = YES;
				GCC_C_LANGUAGE_STANDARD = gnu99;
				GCC_WARN_ABOUT_RETURN_TYPE = YES;
				GCC_WARN_UNINITIALIZED_AUTOS = YES;
				GCC_WARN_UNUSED_VARIABLE = YES;
				IPHONEOS_DEPLOYMENT_TARGET = 6.0;
				OTHER_CFLAGS = "-DNS_BLOCK_ASSERTIONS=1";
				PRODUCT_NAME = Indopos;
				SDKROOT = iphoneos;
				VALIDATE_PRODUCT = YES;
			};
			name = Release;
		};
		712EA9A1161E56A500C047E3 /* Debug */ = {
			isa = XCBuildConfiguration;
			buildSettings = {
				GCC_PRECOMPILE_PREFIX_HEADER = YES;
				GCC_PREFIX_HEADER = "Indopos.ios/Indopos.ios.ios-Prefix.pch";
				INFOPLIST_FILE = "Indopos.ios/Indopos.ios.ios-Info.plist";
				PRODUCT_NAME = Indopos.ios;
				WRAPPER_EXTENSION = app;
			};
			name = Debug;
		};
		712EA9A2161E56A500C047E3 /* Release */ = {
			isa = XCBuildConfiguration;
			buildSettings = {
				GCC_PRECOMPILE_PREFIX_HEADER = YES;
				GCC_PREFIX_HEADER = "Indopos.ios/Indopos.ios.ios-Prefix.pch";
				INFOPLIST_FILE = "Indopos.ios/Indopos.ios.ios-Info.plist";
				PRODUCT_NAME = Indopos.ios;
				WRAPPER_EXTENSION = app;
			};
			name = Release;
		};
/* End XCBuildConfiguration section */

/* Begin XCConfigurationList section */
		712EA976161E56A500C047E3 /* Build configuration list for PBXProject "Indopos.ios" */ = {
			isa = XCConfigurationList;
			buildConfigurations = (
				712EA99E161E56A500C047E3 /* Debug */,
				712EA99F161E56A500C047E3 /* Release */,
			);
			defaultConfigurationIsVisible = 0;
			defaultConfigurationName = Release;
		};
		712EA9A0161E56A500C047E3 /* Build configuration list for PBXNativeTarget "Indopos.ios" */ = {
			isa = XCConfigurationList;
			buildConfigurations = (
				712EA9A1161E56A500C047E3 /* Debug */,
				712EA9A2161E56A500C047E3 /* Release */,
			);
			defaultConfigurationIsVisible = 0;
			defaultConfigurationName = Release;
		};
/* End XCConfigurationList section */

/* Begin XCVersionGroup section */
		712EA9BF161E66BA00C047E3 /* Model.xcdatamodeld */ = {
			isa = XCVersionGroup;
			children = (
				71D00219162F7A9300FEB70D /* Model 3.xcdatamodel */,
				71E309371630A4C50099B29F /* Model 4.xcdatamodel */,
				711EE469162DFDEC001DDBC6 /* Model 2.xcdatamodel */,
				712EA9C0161E66BA00C047E3 /* Model.xcdatamodel */,
			);
			currentVersion = 71E309371630A4C50099B29F /* Model 4.xcdatamodel */;
			path = Model.xcdatamodeld;
			sourceTree = "<group>";
			versionGroupType = wrapper.xcdatamodel;
		};
/* End XCVersionGroup section */
	};
	rootObject = 712EA973161E56A500C047E3 /* Project object */;
}
